
Microsoft Visual Studio Solution File, Format Version 12.00
# Visual Studio Version 17
VisualStudioVersion = 17.1.32210.238
MinimumVisualStudioVersion = 10.0.40219.1
Project("{8BC9CEB8-8B4A-11D0-8D11-00A0C91BC942}") = "pp01", "pp01\pp01.vcxproj", "{E9D74B99-4AC1-4C25-A8FE-F633E69BFC30}"
EndProject
Project("{8BC9CEB8-8B4A-11D0-8D11-00A0C91BC942}") = "pp02", "pp02\pp02.vcxproj", "{78A3355C-70E1-4592-BB79-4C8D15CF59AF}"
EndProject
Project("{8BC9CEB8-8B4A-11D0-8D11-00A0C91BC942}") = "pp03", "pp03\pp03.vcxproj", "{971F586C-3219-4DC5-A3E8-E42B92D514D3}"
EndProject
Project("{8BC9CEB8-8B4A-11D0-8D11-00A0C91BC942}") = "pp04", "pp04\pp04.vcxproj", "{2E0378AA-E3E2-4D19-BE34-586D68B0E5AA}"
EndProject
Project("{8BC9CEB8-8B4A-11D0-8D11-00A0C91BC942}") = "pp04school", "pp04school\pp04school.vcxproj", "{491F0CC0-A27D-4BEC-A8FE-596EB7A4ED0E}"
EndProject
Project("{8BC9CEB8-8B4A-11D0-8D11-00A0C91BC942}") = "pp04home", "pp04home\pp04home.vcxproj", "{DAB79F77-4CCA-4DCF-9012-039D3D1512CD}"
EndProject
Project("{8BC9CEB8-8B4A-11D0-8D11-00A0C91BC942}") = "commandpattern", "commandpattern\commandpattern.vcxproj", "{F3E2BD36-83CA-4D14-8F6A-BB0A5A475F7D}"
EndProject
Project("{8BC9CEB8-8B4A-11D0-8D11-00A0C91BC942}") = "pp05", "pp05\pp05.vcxproj", "{5E7BAC44-771E-45CD-9CB4-E4400F7B27DD}"
EndProject
Project("{8BC9CEB8-8B4A-11D0-8D11-00A0C91BC942}") = "pp05study", "pp05study\pp05study.vcxproj", "{92434BFF-B4D5-4DBA-97DE-A6ED765AC972}"
EndProject
Project("{8BC9CEB8-8B4A-11D0-8D11-00A0C91BC942}") = "pp07", "pp07\pp07.vcxproj", "{EAA963B2-95DB-46DE-B89C-D916DC22045D}"
EndProject
Project("{8BC9CEB8-8B4A-11D0-8D11-00A0C91BC942}") = "pp07home", "pp07home\pp07home.vcxproj", "{3A3CB0AD-037E-4354-A5F5-AC2B4E562DB4}"
EndProject
Global
	GlobalSection(SolutionConfigurationPlatforms) = preSolution
		Debug|x64 = Debug|x64
		Debug|x86 = Debug|x86
		Release|x64 = Release|x64
		Release|x86 = Release|x86
	EndGlobalSection
	GlobalSection(ProjectConfigurationPlatforms) = postSolution
		{E9D74B99-4AC1-4C25-A8FE-F633E69BFC30}.Debug|x64.ActiveCfg = Debug|x64
		{E9D74B99-4AC1-4C25-A8FE-F633E69BFC30}.Debug|x64.Build.0 = Debug|x64
		{E9D74B99-4AC1-4C25-A8FE-F633E69BFC30}.Debug|x86.ActiveCfg = Debug|Win32
		{E9D74B99-4AC1-4C25-A8FE-F633E69BFC30}.Debug|x86.Build.0 = Debug|Win32
		{E9D74B99-4AC1-4C25-A8FE-F633E69BFC30}.Release|x64.ActiveCfg = Release|x64
		{E9D74B99-4AC1-4C25-A8FE-F633E69BFC30}.Release|x64.Build.0 = Release|x64
		{E9D74B99-4AC1-4C25-A8FE-F633E69BFC30}.Release|x86.ActiveCfg = Release|Win32
		{E9D74B99-4AC1-4C25-A8FE-F633E69BFC30}.Release|x86.Build.0 = Release|Win32
		{78A3355C-70E1-4592-BB79-4C8D15CF59AF}.Debug|x64.ActiveCfg = Debug|x64
		{78A3355C-70E1-4592-BB79-4C8D15CF59AF}.Debug|x64.Build.0 = Debug|x64
		{78A3355C-70E1-4592-BB79-4C8D15CF59AF}.Debug|x86.ActiveCfg = Debug|Win32
		{78A3355C-70E1-4592-BB79-4C8D15CF59AF}.Debug|x86.Build.0 = Debug|Win32
		{78A3355C-70E1-4592-BB79-4C8D15CF59AF}.Release|x64.ActiveCfg = Release|x64
		{78A3355C-70E1-4592-BB79-4C8D15CF59AF}.Release|x64.Build.0 = Release|x64
		{78A3355C-70E1-4592-BB79-4C8D15CF59AF}.Release|x86.ActiveCfg = Release|Win32
		{78A3355C-70E1-4592-BB79-4C8D15CF59AF}.Release|x86.Build.0 = Release|Win32
		{971F586C-3219-4DC5-A3E8-E42B92D514D3}.Debug|x64.ActiveCfg = Debug|x64
		{971F586C-3219-4DC5-A3E8-E42B92D514D3}.Debug|x64.Build.0 = Debug|x64
		{971F586C-3219-4DC5-A3E8-E42B92D514D3}.Debug|x86.ActiveCfg = Debug|Win32
		{971F586C-3219-4DC5-A3E8-E42B92D514D3}.Debug|x86.Build.0 = Debug|Win32
		{971F586C-3219-4DC5-A3E8-E42B92D514D3}.Release|x64.ActiveCfg = Release|x64
		{971F586C-3219-4DC5-A3E8-E42B92D514D3}.Release|x64.Build.0 = Release|x64
		{971F586C-3219-4DC5-A3E8-E42B92D514D3}.Release|x86.ActiveCfg = Release|Win32
		{971F586C-3219-4DC5-A3E8-E42B92D514D3}.Release|x86.Build.0 = Release|Win32
		{2E0378AA-E3E2-4D19-BE34-586D68B0E5AA}.Debug|x64.ActiveCfg = Debug|x64
		{2E0378AA-E3E2-4D19-BE34-586D68B0E5AA}.Debug|x64.Build.0 = Debug|x64
		{2E0378AA-E3E2-4D19-BE34-586D68B0E5AA}.Debug|x86.ActiveCfg = Debug|Win32
		{2E0378AA-E3E2-4D19-BE34-586D68B0E5AA}.Debug|x86.Build.0 = Debug|Win32
		{2E0378AA-E3E2-4D19-BE34-586D68B0E5AA}.Release|x64.ActiveCfg = Release|x64
		{2E0378AA-E3E2-4D19-BE34-586D68B0E5AA}.Release|x64.Build.0 = Release|x64
		{2E0378AA-E3E2-4D19-BE34-586D68B0E5AA}.Release|x86.ActiveCfg = Release|Win32
		{2E0378AA-E3E2-4D19-BE34-586D68B0E5AA}.Release|x86.Build.0 = Release|Win32
		{491F0CC0-A27D-4BEC-A8FE-596EB7A4ED0E}.Debug|x64.ActiveCfg = Debug|x64
		{491F0CC0-A27D-4BEC-A8FE-596EB7A4ED0E}.Debug|x64.Build.0 = Debug|x64
		{491F0CC0-A27D-4BEC-A8FE-596EB7A4ED0E}.Debug|x86.ActiveCfg = Debug|Win32
		{491F0CC0-A27D-4BEC-A8FE-596EB7A4ED0E}.Debug|x86.Build.0 = Debug|Win32
		{491F0CC0-A27D-4BEC-A8FE-596EB7A4ED0E}.Release|x64.ActiveCfg = Release|x64
		{491F0CC0-A27D-4BEC-A8FE-596EB7A4ED0E}.Release|x64.Build.0 = Release|x64
		{491F0CC0-A27D-4BEC-A8FE-596EB7A4ED0E}.Release|x86.ActiveCfg = Release|Win32
		{491F0CC0-A27D-4BEC-A8FE-596EB7A4ED0E}.Release|x86.Build.0 = Release|Win32
		{DAB79F77-4CCA-4DCF-9012-039D3D1512CD}.Debug|x64.ActiveCfg = Debug|x64
		{DAB79F77-4CCA-4DCF-9012-039D3D1512CD}.Debug|x64.Build.0 = Debug|x64
		{DAB79F77-4CCA-4DCF-9012-039D3D1512CD}.Debug|x86.ActiveCfg = Debug|Win32
		{DAB79F77-4CCA-4DCF-9012-039D3D1512CD}.Debug|x86.Build.0 = Debug|Win32
		{DAB79F77-4CCA-4DCF-9012-039D3D1512CD}.Release|x64.ActiveCfg = Release|x64
		{DAB79F77-4CCA-4DCF-9012-039D3D1512CD}.Release|x64.Build.0 = Release|x64
		{DAB79F77-4CCA-4DCF-9012-039D3D1512CD}.Release|x86.ActiveCfg = Release|Win32
		{DAB79F77-4CCA-4DCF-9012-039D3D1512CD}.Release|x86.Build.0 = Release|Win32
		{F3E2BD36-83CA-4D14-8F6A-BB0A5A475F7D}.Debug|x64.ActiveCfg = Debug|x64
		{F3E2BD36-83CA-4D14-8F6A-BB0A5A475F7D}.Debug|x64.Build.0 = Debug|x64
		{F3E2BD36-83CA-4D14-8F6A-BB0A5A475F7D}.Debug|x86.ActiveCfg = Debug|Win32
		{F3E2BD36-83CA-4D14-8F6A-BB0A5A475F7D}.Debug|x86.Build.0 = Debug|Win32
		{F3E2BD36-83CA-4D14-8F6A-BB0A5A475F7D}.Release|x64.ActiveCfg = Release|x64
		{F3E2BD36-83CA-4D14-8F6A-BB0A5A475F7D}.Release|x64.Build.0 = Release|x64
		{F3E2BD36-83CA-4D14-8F6A-BB0A5A475F7D}.Release|x86.ActiveCfg = Release|Win32
		{F3E2BD36-83CA-4D14-8F6A-BB0A5A475F7D}.Release|x86.Build.0 = Release|Win32
		{5E7BAC44-771E-45CD-9CB4-E4400F7B27DD}.Debug|x64.ActiveCfg = Debug|x64
		{5E7BAC44-771E-45CD-9CB4-E4400F7B27DD}.Debug|x64.Build.0 = Debug|x64
		{5E7BAC44-771E-45CD-9CB4-E4400F7B27DD}.Debug|x86.ActiveCfg = Debug|Win32
		{5E7BAC44-771E-45CD-9CB4-E4400F7B27DD}.Debug|x86.Build.0 = Debug|Win32
		{5E7BAC44-771E-45CD-9CB4-E4400F7B27DD}.Release|x64.ActiveCfg = Release|x64
		{5E7BAC44-771E-45CD-9CB4-E4400F7B27DD}.Release|x64.Build.0 = Release|x64
		{5E7BAC44-771E-45CD-9CB4-E4400F7B27DD}.Release|x86.ActiveCfg = Release|Win32
		{5E7BAC44-771E-45CD-9CB4-E4400F7B27DD}.Release|x86.Build.0 = Release|Win32
		{92434BFF-B4D5-4DBA-97DE-A6ED765AC972}.Debug|x64.ActiveCfg = Debug|x64
		{92434BFF-B4D5-4DBA-97DE-A6ED765AC972}.Debug|x64.Build.0 = Debug|x64
		{92434BFF-B4D5-4DBA-97DE-A6ED765AC972}.Debug|x86.ActiveCfg = Debug|Win32
		{92434BFF-B4D5-4DBA-97DE-A6ED765AC972}.Debug|x86.Build.0 = Debug|Win32
		{92434BFF-B4D5-4DBA-97DE-A6ED765AC972}.Release|x64.ActiveCfg = Release|x64
		{92434BFF-B4D5-4DBA-97DE-A6ED765AC972}.Release|x64.Build.0 = Release|x64
		{92434BFF-B4D5-4DBA-97DE-A6ED765AC972}.Release|x86.ActiveCfg = Release|Win32
		{92434BFF-B4D5-4DBA-97DE-A6ED765AC972}.Release|x86.Build.0 = Release|Win32
		{EAA963B2-95DB-46DE-B89C-D916DC22045D}.Debug|x64.ActiveCfg = Debug|x64
		{EAA963B2-95DB-46DE-B89C-D916DC22045D}.Debug|x64.Build.0 = Debug|x64
		{EAA963B2-95DB-46DE-B89C-D916DC22045D}.Debug|x86.ActiveCfg = Debug|Win32
		{EAA963B2-95DB-46DE-B89C-D916DC22045D}.Debug|x86.Build.0 = Debug|Win32
		{EAA963B2-95DB-46DE-B89C-D916DC22045D}.Release|x64.ActiveCfg = Release|x64
		{EAA963B2-95DB-46DE-B89C-D916DC22045D}.Release|x64.Build.0 = Release|x64
		{EAA963B2-95DB-46DE-B89C-D916DC22045D}.Release|x86.ActiveCfg = Release|Win32
		{EAA963B2-95DB-46DE-B89C-D916DC22045D}.Release|x86.Build.0 = Release|Win32
		{3A3CB0AD-037E-4354-A5F5-AC2B4E562DB4}.Debug|x64.ActiveCfg = Debug|x64
		{3A3CB0AD-037E-4354-A5F5-AC2B4E562DB4}.Debug|x64.Build.0 = Debug|x64
		{3A3CB0AD-037E-4354-A5F5-AC2B4E562DB4}.Debug|x86.ActiveCfg = Debug|Win32
		{3A3CB0AD-037E-4354-A5F5-AC2B4E562DB4}.Debug|x86.Build.0 = Debug|Win32
		{3A3CB0AD-037E-4354-A5F5-AC2B4E562DB4}.Release|x64.ActiveCfg = Release|x64
		{3A3CB0AD-037E-4354-A5F5-AC2B4E562DB4}.Release|x64.Build.0 = Release|x64
		{3A3CB0AD-037E-4354-A5F5-AC2B4E562DB4}.Release|x86.ActiveCfg = Release|Win32
		{3A3CB0AD-037E-4354-A5F5-AC2B4E562DB4}.Release|x86.Build.0 = Release|Win32
	EndGlobalSection
	GlobalSection(SolutionProperties) = preSolution
		HideSolutionNode = FALSE
	EndGlobalSection
	GlobalSection(ExtensibilityGlobals) = postSolution
		SolutionGuid = {7E365638-5122-449D-821A-EFE1B0F21C4F}
	EndGlobalSection
EndGlobal
